{
  "name": "editor",
  "version": "1.0.0",
  "lockfileVersion": 2,
  "requires": true,
  "packages": {
    "": {
      "version": "1.0.0",
      "license": "ISC",
      "dependencies": {
        "lodash": "^4.17.21",
        "monaco-editor-core": "^0.23.0"
      }
    },
    "node_modules/.pnpm/lodash@4.17.21/node_modules/lodash": {
      "version": "4.17.21",
      "license": "MIT"
    },
    "node_modules/.pnpm/monaco-editor-core@0.23.0/node_modules/monaco-editor-core": {
      "version": "0.23.0",
      "license": "MIT"
    },
    "node_modules/lodash": {
      "resolved": "node_modules/.pnpm/lodash@4.17.21/node_modules/lodash",
      "link": true
    },
    "node_modules/monaco-editor-core": {
      "resolved": "node_modules/.pnpm/monaco-editor-core@0.23.0/node_modules/monaco-editor-core",
      "link": true
    }
  },
  "dependencies": {
    "lodash": {
      "version": "file:node_modules/.pnpm/lodash@4.17.21/node_modules/lodash"
    },
    "monaco-editor-core": {
      "version": "file:node_modules/.pnpm/monaco-editor-core@0.23.0/node_modules/monaco-editor-core"
    }
  }
}
